// !$*UTF8*$!
{
	archiveVersion = 1;
	classes = {
	};
	objectVersion = 56;
	objects = {

/* Begin PBXBuildFile section */
		8F56A55529C7D8A700FF4B60 /* AppDelegate.swift in Sources */ = {isa = PBXBuildFile; fileRef = 8F56A55429C7D8A700FF4B60 /* AppDelegate.swift */; };
		8F56A55729C7D8A700FF4B60 /* SceneDelegate.swift in Sources */ = {isa = PBXBuildFile; fileRef = 8F56A55629C7D8A700FF4B60 /* SceneDelegate.swift */; };
		8F56A55929C7D8A700FF4B60 /* QuestionViewController.swift in Sources */ = {isa = PBXBuildFile; fileRef = 8F56A55829C7D8A700FF4B60 /* QuestionViewController.swift */; };
		8F56A55C29C7D8A700FF4B60 /* Main.storyboard in Resources */ = {isa = PBXBuildFile; fileRef = 8F56A55A29C7D8A700FF4B60 /* Main.storyboard */; };
		8F56A55E29C7D8A800FF4B60 /* Assets.xcassets in Resources */ = {isa = PBXBuildFile; fileRef = 8F56A55D29C7D8A800FF4B60 /* Assets.xcassets */; };
		8F56A56129C7D8A800FF4B60 /* LaunchScreen.storyboard in Resources */ = {isa = PBXBuildFile; fileRef = 8F56A55F29C7D8A800FF4B60 /* LaunchScreen.storyboard */; };
		8F56A56C29C7D8A900FF4B60 /* QuizAppTests.swift in Sources */ = {isa = PBXBuildFile; fileRef = 8F56A56B29C7D8A900FF4B60 /* QuizAppTests.swift */; };
		8F56A57629C7D8A900FF4B60 /* QuizAppUITests.swift in Sources */ = {isa = PBXBuildFile; fileRef = 8F56A57529C7D8A900FF4B60 /* QuizAppUITests.swift */; };
		8F56A57829C7D8A900FF4B60 /* QuizAppUITestsLaunchTests.swift in Sources */ = {isa = PBXBuildFile; fileRef = 8F56A57729C7D8A900FF4B60 /* QuizAppUITestsLaunchTests.swift */; };
		8F56A58529C7D93C00FF4B60 /* QuestionViewControllerTest.swift in Sources */ = {isa = PBXBuildFile; fileRef = 8F56A58429C7D93C00FF4B60 /* QuestionViewControllerTest.swift */; };
		8F96517929C7E0B9001D353A /* QuestionViewController.xib in Resources */ = {isa = PBXBuildFile; fileRef = 8F96517829C7E0B9001D353A /* QuestionViewController.xib */; };
		8F96A7D129CBEE7500C1CC0B /* ResultsViewControllerTest.swift in Sources */ = {isa = PBXBuildFile; fileRef = 8F96A7D029CBEE7500C1CC0B /* ResultsViewControllerTest.swift */; };
		8F96A7D329CBF08200C1CC0B /* ResultViewController.swift in Sources */ = {isa = PBXBuildFile; fileRef = 8F96A7D229CBF08200C1CC0B /* ResultViewController.swift */; };
		8F96A7D529CBF28A00C1CC0B /* ResultViewController.xib in Resources */ = {isa = PBXBuildFile; fileRef = 8F96A7D429CBF28A00C1CC0B /* ResultViewController.xib */; };
		8FEA2E2729CBFFE900DC4B5A /* TableViewHelpers.swift in Sources */ = {isa = PBXBuildFile; fileRef = 8FEA2E2629CBFFE900DC4B5A /* TableViewHelpers.swift */; };
		8FEA2E2B29CC057600DC4B5A /* CorrectAnswerCell.xib in Resources */ = {isa = PBXBuildFile; fileRef = 8FEA2E2A29CC057600DC4B5A /* CorrectAnswerCell.xib */; };
		8FEA2E2D29CC0EC300DC4B5A /* WrongAnswerCell.xib in Resources */ = {isa = PBXBuildFile; fileRef = 8FEA2E2C29CC0EC300DC4B5A /* WrongAnswerCell.xib */; };
/* End PBXBuildFile section */

/* Begin PBXContainerItemProxy section */
		8F56A56829C7D8A900FF4B60 /* PBXContainerItemProxy */ = {
			isa = PBXContainerItemProxy;
			containerPortal = 8F56A54929C7D8A700FF4B60 /* Project object */;
			proxyType = 1;
			remoteGlobalIDString = 8F56A55029C7D8A700FF4B60;
			remoteInfo = QuizApp;
		};
		8F56A57229C7D8A900FF4B60 /* PBXContainerItemProxy */ = {
			isa = PBXContainerItemProxy;
			containerPortal = 8F56A54929C7D8A700FF4B60 /* Project object */;
			proxyType = 1;
			remoteGlobalIDString = 8F56A55029C7D8A700FF4B60;
			remoteInfo = QuizApp;
		};
/* End PBXContainerItemProxy section */

/* Begin PBXFileReference section */
		8F56A55129C7D8A700FF4B60 /* QuizApp.app */ = {isa = PBXFileReference; explicitFileType = wrapper.application; includeInIndex = 0; path = QuizApp.app; sourceTree = BUILT_PRODUCTS_DIR; };
		8F56A55429C7D8A700FF4B60 /* AppDelegate.swift */ = {isa = PBXFileReference; lastKnownFileType = sourcecode.swift; path = AppDelegate.swift; sourceTree = "<group>"; };
		8F56A55629C7D8A700FF4B60 /* SceneDelegate.swift */ = {isa = PBXFileReference; lastKnownFileType = sourcecode.swift; path = SceneDelegate.swift; sourceTree = "<group>"; };
		8F56A55829C7D8A700FF4B60 /* QuestionViewController.swift */ = {isa = PBXFileReference; lastKnownFileType = sourcecode.swift; path = QuestionViewController.swift; sourceTree = "<group>"; };
		8F56A55B29C7D8A700FF4B60 /* Base */ = {isa = PBXFileReference; lastKnownFileType = file.storyboard; name = Base; path = Base.lproj/Main.storyboard; sourceTree = "<group>"; };
		8F56A55D29C7D8A800FF4B60 /* Assets.xcassets */ = {isa = PBXFileReference; lastKnownFileType = folder.assetcatalog; path = Assets.xcassets; sourceTree = "<group>"; };
		8F56A56029C7D8A800FF4B60 /* Base */ = {isa = PBXFileReference; lastKnownFileType = file.storyboard; name = Base; path = Base.lproj/LaunchScreen.storyboard; sourceTree = "<group>"; };
		8F56A56229C7D8A800FF4B60 /* Info.plist */ = {isa = PBXFileReference; lastKnownFileType = text.plist.xml; path = Info.plist; sourceTree = "<group>"; };
		8F56A56729C7D8A900FF4B60 /* QuizAppTests.xctest */ = {isa = PBXFileReference; explicitFileType = wrapper.cfbundle; includeInIndex = 0; path = QuizAppTests.xctest; sourceTree = BUILT_PRODUCTS_DIR; };
		8F56A56B29C7D8A900FF4B60 /* QuizAppTests.swift */ = {isa = PBXFileReference; lastKnownFileType = sourcecode.swift; path = QuizAppTests.swift; sourceTree = "<group>"; };
		8F56A57129C7D8A900FF4B60 /* QuizAppUITests.xctest */ = {isa = PBXFileReference; explicitFileType = wrapper.cfbundle; includeInIndex = 0; path = QuizAppUITests.xctest; sourceTree = BUILT_PRODUCTS_DIR; };
		8F56A57529C7D8A900FF4B60 /* QuizAppUITests.swift */ = {isa = PBXFileReference; lastKnownFileType = sourcecode.swift; path = QuizAppUITests.swift; sourceTree = "<group>"; };
		8F56A57729C7D8A900FF4B60 /* QuizAppUITestsLaunchTests.swift */ = {isa = PBXFileReference; lastKnownFileType = sourcecode.swift; path = QuizAppUITestsLaunchTests.swift; sourceTree = "<group>"; };
		8F56A58429C7D93C00FF4B60 /* QuestionViewControllerTest.swift */ = {isa = PBXFileReference; lastKnownFileType = sourcecode.swift; path = QuestionViewControllerTest.swift; sourceTree = "<group>"; };
		8F96517829C7E0B9001D353A /* QuestionViewController.xib */ = {isa = PBXFileReference; lastKnownFileType = file.xib; path = QuestionViewController.xib; sourceTree = "<group>"; };
		8F96A7D029CBEE7500C1CC0B /* ResultsViewControllerTest.swift */ = {isa = PBXFileReference; lastKnownFileType = sourcecode.swift; path = ResultsViewControllerTest.swift; sourceTree = "<group>"; };
		8F96A7D229CBF08200C1CC0B /* ResultViewController.swift */ = {isa = PBXFileReference; lastKnownFileType = sourcecode.swift; path = ResultViewController.swift; sourceTree = "<group>"; };
		8F96A7D429CBF28A00C1CC0B /* ResultViewController.xib */ = {isa = PBXFileReference; lastKnownFileType = file.xib; path = ResultViewController.xib; sourceTree = "<group>"; };
		8FEA2E2629CBFFE900DC4B5A /* TableViewHelpers.swift */ = {isa = PBXFileReference; lastKnownFileType = sourcecode.swift; path = TableViewHelpers.swift; sourceTree = "<group>"; };
		8FEA2E2A29CC057600DC4B5A /* CorrectAnswerCell.xib */ = {isa = PBXFileReference; lastKnownFileType = file.xib; path = CorrectAnswerCell.xib; sourceTree = "<group>"; };
		8FEA2E2C29CC0EC300DC4B5A /* WrongAnswerCell.xib */ = {isa = PBXFileReference; lastKnownFileType = file.xib; path = WrongAnswerCell.xib; sourceTree = "<group>"; };
/* End PBXFileReference section */

/* Begin PBXFrameworksBuildPhase section */
		8F56A54E29C7D8A700FF4B60 /* Frameworks */ = {
			isa = PBXFrameworksBuildPhase;
			buildActionMask = 2147483647;
			files = (
			);
			runOnlyForDeploymentPostprocessing = 0;
		};
		8F56A56429C7D8A900FF4B60 /* Frameworks */ = {
			isa = PBXFrameworksBuildPhase;
			buildActionMask = 2147483647;
			files = (
			);
			runOnlyForDeploymentPostprocessing = 0;
		};
		8F56A56E29C7D8A900FF4B60 /* Frameworks */ = {
			isa = PBXFrameworksBuildPhase;
			buildActionMask = 2147483647;
			files = (
			);
			runOnlyForDeploymentPostprocessing = 0;
		};
/* End PBXFrameworksBuildPhase section */

/* Begin PBXGroup section */
		8F56A54829C7D8A700FF4B60 = {
			isa = PBXGroup;
			children = (
				8F56A55329C7D8A700FF4B60 /* QuizApp */,
				8F56A56A29C7D8A900FF4B60 /* QuizAppTests */,
				8F56A57429C7D8A900FF4B60 /* QuizAppUITests */,
				8F56A55229C7D8A700FF4B60 /* Products */,
			);
			sourceTree = "<group>";
		};
		8F56A55229C7D8A700FF4B60 /* Products */ = {
			isa = PBXGroup;
			children = (
				8F56A55129C7D8A700FF4B60 /* QuizApp.app */,
				8F56A56729C7D8A900FF4B60 /* QuizAppTests.xctest */,
				8F56A57129C7D8A900FF4B60 /* QuizAppUITests.xctest */,
			);
			name = Products;
			sourceTree = "<group>";
		};
		8F56A55329C7D8A700FF4B60 /* QuizApp */ = {
			isa = PBXGroup;
			children = (
				8F56A55429C7D8A700FF4B60 /* AppDelegate.swift */,
				8F56A55629C7D8A700FF4B60 /* SceneDelegate.swift */,
				8F56A55829C7D8A700FF4B60 /* QuestionViewController.swift */,
				8F96517829C7E0B9001D353A /* QuestionViewController.xib */,
				8F56A55A29C7D8A700FF4B60 /* Main.storyboard */,
				8F56A55D29C7D8A800FF4B60 /* Assets.xcassets */,
				8F56A55F29C7D8A800FF4B60 /* LaunchScreen.storyboard */,
				8F56A56229C7D8A800FF4B60 /* Info.plist */,
				8F96A7D229CBF08200C1CC0B /* ResultViewController.swift */,
				8F96A7D429CBF28A00C1CC0B /* ResultViewController.xib */,
				8FEA2E2A29CC057600DC4B5A /* CorrectAnswerCell.xib */,
				8FEA2E2C29CC0EC300DC4B5A /* WrongAnswerCell.xib */,
			);
			path = QuizApp;
			sourceTree = "<group>";
		};
		8F56A56A29C7D8A900FF4B60 /* QuizAppTests */ = {
			isa = PBXGroup;
			children = (
				8F56A56B29C7D8A900FF4B60 /* QuizAppTests.swift */,
				8F56A58429C7D93C00FF4B60 /* QuestionViewControllerTest.swift */,
				8F96A7D029CBEE7500C1CC0B /* ResultsViewControllerTest.swift */,
				8FEA2E2629CBFFE900DC4B5A /* TableViewHelpers.swift */,
			);
			path = QuizAppTests;
			sourceTree = "<group>";
		};
		8F56A57429C7D8A900FF4B60 /* QuizAppUITests */ = {
			isa = PBXGroup;
			children = (
				8F56A57529C7D8A900FF4B60 /* QuizAppUITests.swift */,
				8F56A57729C7D8A900FF4B60 /* QuizAppUITestsLaunchTests.swift */,
			);
			path = QuizAppUITests;
			sourceTree = "<group>";
		};
/* End PBXGroup section */

/* Begin PBXNativeTarget section */
		8F56A55029C7D8A700FF4B60 /* QuizApp */ = {
			isa = PBXNativeTarget;
			buildConfigurationList = 8F56A57B29C7D8A900FF4B60 /* Build configuration list for PBXNativeTarget "QuizApp" */;
			buildPhases = (
				8F56A54D29C7D8A700FF4B60 /* Sources */,
				8F56A54E29C7D8A700FF4B60 /* Frameworks */,
				8F56A54F29C7D8A700FF4B60 /* Resources */,
			);
			buildRules = (
			);
			dependencies = (
			);
			name = QuizApp;
			productName = QuizApp;
			productReference = 8F56A55129C7D8A700FF4B60 /* QuizApp.app */;
			productType = "com.apple.product-type.application";
		};
		8F56A56629C7D8A900FF4B60 /* QuizAppTests */ = {
			isa = PBXNativeTarget;
			buildConfigurationList = 8F56A57E29C7D8A900FF4B60 /* Build configuration list for PBXNativeTarget "QuizAppTests" */;
			buildPhases = (
				8F56A56329C7D8A900FF4B60 /* Sources */,
				8F56A56429C7D8A900FF4B60 /* Frameworks */,
				8F56A56529C7D8A900FF4B60 /* Resources */,
			);
			buildRules = (
			);
			dependencies = (
				8F56A56929C7D8A900FF4B60 /* PBXTargetDependency */,
			);
			name = QuizAppTests;
			productName = QuizAppTests;
			productReference = 8F56A56729C7D8A900FF4B60 /* QuizAppTests.xctest */;
			productType = "com.apple.product-type.bundle.unit-test";
		};
		8F56A57029C7D8A900FF4B60 /* QuizAppUITests */ = {
			isa = PBXNativeTarget;
			buildConfigurationList = 8F56A58129C7D8A900FF4B60 /* Build configuration list for PBXNativeTarget "QuizAppUITests" */;
			buildPhases = (
				8F56A56D29C7D8A900FF4B60 /* Sources */,
				8F56A56E29C7D8A900FF4B60 /* Frameworks */,
				8F56A56F29C7D8A900FF4B60 /* Resources */,
			);
			buildRules = (
			);
			dependencies = (
				8F56A57329C7D8A900FF4B60 /* PBXTargetDependency */,
			);
			name = QuizAppUITests;
			productName = QuizAppUITests;
			productReference = 8F56A57129C7D8A900FF4B60 /* QuizAppUITests.xctest */;
			productType = "com.apple.product-type.bundle.ui-testing";
		};
/* End PBXNativeTarget section */

/* Begin PBXProject section */
		8F56A54929C7D8A700FF4B60 /* Project object */ = {
			isa = PBXProject;
			attributes = {
				BuildIndependentTargetsInParallel = 1;
				LastSwiftUpdateCheck = 1420;
				LastUpgradeCheck = 1420;
				TargetAttributes = {
					8F56A55029C7D8A700FF4B60 = {
						CreatedOnToolsVersion = 14.2;
					};
					8F56A56629C7D8A900FF4B60 = {
						CreatedOnToolsVersion = 14.2;
						TestTargetID = 8F56A55029C7D8A700FF4B60;
					};
					8F56A57029C7D8A900FF4B60 = {
						CreatedOnToolsVersion = 14.2;
						TestTargetID = 8F56A55029C7D8A700FF4B60;
					};
				};
			};
			buildConfigurationList = 8F56A54C29C7D8A700FF4B60 /* Build configuration list for PBXProject "QuizApp" */;
			compatibilityVersion = "Xcode 14.0";
			developmentRegion = en;
			hasScannedForEncodings = 0;
			knownRegions = (
				en,
				Base,
			);
			mainGroup = 8F56A54829C7D8A700FF4B60;
			productRefGroup = 8F56A55229C7D8A700FF4B60 /* Products */;
			projectDirPath = "";
			projectRoot = "";
			targets = (
				8F56A55029C7D8A700FF4B60 /* QuizApp */,
				8F56A56629C7D8A900FF4B60 /* QuizAppTests */,
				8F56A57029C7D8A900FF4B60 /* QuizAppUITests */,
			);
		};
/* End PBXProject section */

/* Begin PBXResourcesBuildPhase section */
		8F56A54F29C7D8A700FF4B60 /* Resources */ = {
			isa = PBXResourcesBuildPhase;
			buildActionMask = 2147483647;
			files = (
				8FEA2E2D29CC0EC300DC4B5A /* WrongAnswerCell.xib in Resources */,
				8F56A56129C7D8A800FF4B60 /* LaunchScreen.storyboard in Resources */,
				8F56A55E29C7D8A800FF4B60 /* Assets.xcassets in Resources */,
				8F96517929C7E0B9001D353A /* QuestionViewController.xib in Resources */,
				8F96A7D529CBF28A00C1CC0B /* ResultViewController.xib in Resources */,
				8FEA2E2B29CC057600DC4B5A /* CorrectAnswerCell.xib in Resources */,
				8F56A55C29C7D8A700FF4B60 /* Main.storyboard in Resources */,
			);
			runOnlyForDeploymentPostprocessing = 0;
		};
		8F56A56529C7D8A900FF4B60 /* Resources */ = {
			isa = PBXResourcesBuildPhase;
			buildActionMask = 2147483647;
			files = (
			);
			runOnlyForDeploymentPostprocessing = 0;
		};
		8F56A56F29C7D8A900FF4B60 /* Resources */ = {
			isa = PBXResourcesBuildPhase;
			buildActionMask = 2147483647;
			files = (
			);
			runOnlyForDeploymentPostprocessing = 0;
		};
/* End PBXResourcesBuildPhase section */

/* Begin PBXSourcesBuildPhase section */
		8F56A54D29C7D8A700FF4B60 /* Sources */ = {
			isa = PBXSourcesBuildPhase;
			buildActionMask = 2147483647;
			files = (
				8F56A55929C7D8A700FF4B60 /* QuestionViewController.swift in Sources */,
				8F56A55529C7D8A700FF4B60 /* AppDelegate.swift in Sources */,
				8F56A55729C7D8A700FF4B60 /* SceneDelegate.swift in Sources */,
				8F96A7D329CBF08200C1CC0B /* ResultViewController.swift in Sources */,
			);
			runOnlyForDeploymentPostprocessing = 0;
		};
		8F56A56329C7D8A900FF4B60 /* Sources */ = {
			isa = PBXSourcesBuildPhase;
			buildActionMask = 2147483647;
			files = (
				8F56A58529C7D93C00FF4B60 /* QuestionViewControllerTest.swift in Sources */,
				8F56A56C29C7D8A900FF4B60 /* QuizAppTests.swift in Sources */,
				8F96A7D129CBEE7500C1CC0B /* ResultsViewControllerTest.swift in Sources */,
				8FEA2E2729CBFFE900DC4B5A /* TableViewHelpers.swift in Sources */,
			);
			runOnlyForDeploymentPostprocessing = 0;
		};
		8F56A56D29C7D8A900FF4B60 /* Sources */ = {
			isa = PBXSourcesBuildPhase;
			buildActionMask = 2147483647;
			files = (
				8F56A57629C7D8A900FF4B60 /* QuizAppUITests.swift in Sources */,
				8F56A57829C7D8A900FF4B60 /* QuizAppUITestsLaunchTests.swift in Sources */,
			);
			runOnlyForDeploymentPostprocessing = 0;
		};
/* End PBXSourcesBuildPhase section */

/* Begin PBXTargetDependency section */
		8F56A56929C7D8A900FF4B60 /* PBXTargetDependency */ = {
			isa = PBXTargetDependency;
			target = 8F56A55029C7D8A700FF4B60 /* QuizApp */;
			targetProxy = 8F56A56829C7D8A900FF4B60 /* PBXContainerItemProxy */;
		};
		8F56A57329C7D8A900FF4B60 /* PBXTargetDependency */ = {
			isa = PBXTargetDependency;
			target = 8F56A55029C7D8A700FF4B60 /* QuizApp */;
			targetProxy = 8F56A57229C7D8A900FF4B60 /* PBXContainerItemProxy */;
		};
/* End PBXTargetDependency section */

/* Begin PBXVariantGroup section */
		8F56A55A29C7D8A700FF4B60 /* Main.storyboard */ = {
			isa = PBXVariantGroup;
			children = (
				8F56A55B29C7D8A700FF4B60 /* Base */,
			);
			name = Main.storyboard;
			sourceTree = "<group>";
		};
		8F56A55F29C7D8A800FF4B60 /* LaunchScreen.storyboard */ = {
			isa = PBXVariantGroup;
			children = (
				8F56A56029C7D8A800FF4B60 /* Base */,
			);
			name = LaunchScreen.storyboard;
			sourceTree = "<group>";
		};
/* End PBXVariantGroup section */

/* Begin XCBuildConfiguration section */
		8F56A57929C7D8A900FF4B60 /* Debug */ = {
			isa = XCBuildConfiguration;
			buildSettings = {
				ALWAYS_SEARCH_USER_PATHS = NO;
				CLANG_ANALYZER_NONNULL = YES;
				CLANG_ANALYZER_NUMBER_OBJECT_CONVERSION = YES_AGGRESSIVE;
				CLANG_CXX_LANGUAGE_STANDARD = "gnu++20";
				CLANG_ENABLE_MODULES = YES;
				CLANG_ENABLE_OBJC_ARC = YES;
				CLANG_ENABLE_OBJC_WEAK = YES;
				CLANG_WARN_BLOCK_CAPTURE_AUTORELEASING = YES;
				CLANG_WARN_BOOL_CONVERSION = YES;
				CLANG_WARN_COMMA = YES;
				CLANG_WARN_CONSTANT_CONVERSION = YES;
				CLANG_WARN_DEPRECATED_OBJC_IMPLEMENTATIONS = YES;
				CLANG_WARN_DIRECT_OBJC_ISA_USAGE = YES_ERROR;
				CLANG_WARN_DOCUMENTATION_COMMENTS = YES;
				CLANG_WARN_EMPTY_BODY = YES;
				CLANG_WARN_ENUM_CONVERSION = YES;
				CLANG_WARN_INFINITE_RECURSION = YES;
				CLANG_WARN_INT_CONVERSION = YES;
				CLANG_WARN_NON_LITERAL_NULL_CONVERSION = YES;
				CLANG_WARN_OBJC_IMPLICIT_RETAIN_SELF = YES;
				CLANG_WARN_OBJC_LITERAL_CONVERSION = YES;
				CLANG_WARN_OBJC_ROOT_CLASS = YES_ERROR;
				CLANG_WARN_QUOTED_INCLUDE_IN_FRAMEWORK_HEADER = YES;
				CLANG_WARN_RANGE_LOOP_ANALYSIS = YES;
				CLANG_WARN_STRICT_PROTOTYPES = YES;
				CLANG_WARN_SUSPICIOUS_MOVE = YES;
				CLANG_WARN_UNGUARDED_AVAILABILITY = YES_AGGRESSIVE;
				CLANG_WARN_UNREACHABLE_CODE = YES;
				CLANG_WARN__DUPLICATE_METHOD_MATCH = YES;
				COPY_PHASE_STRIP = NO;
				DEBUG_INFORMATION_FORMAT = dwarf;
				ENABLE_STRICT_OBJC_MSGSEND = YES;
				ENABLE_TESTABILITY = YES;
				GCC_C_LANGUAGE_STANDARD = gnu11;
				GCC_DYNAMIC_NO_PIC = NO;
				GCC_NO_COMMON_BLOCKS = YES;
				GCC_OPTIMIZATION_LEVEL = 0;
				GCC_PREPROCESSOR_DEFINITIONS = (
					"DEBUG=1",
					"$(inherited)",
				);
				GCC_WARN_64_TO_32_BIT_CONVERSION = YES;
				GCC_WARN_ABOUT_RETURN_TYPE = YES_ERROR;
				GCC_WARN_UNDECLARED_SELECTOR = YES;
				GCC_WARN_UNINITIALIZED_AUTOS = YES_AGGRESSIVE;
				GCC_WARN_UNUSED_FUNCTION = YES;
				GCC_WARN_UNUSED_VARIABLE = YES;
				IPHONEOS_DEPLOYMENT_TARGET = 16.2;
				MTL_ENABLE_DEBUG_INFO = INCLUDE_SOURCE;
				MTL_FAST_MATH = YES;
				ONLY_ACTIVE_ARCH = YES;
				SDKROOT = iphoneos;
				SWIFT_ACTIVE_COMPILATION_CONDITIONS = DEBUG;
				SWIFT_OPTIMIZATION_LEVEL = "-Onone";
			};
			name = Debug;
		};
		8F56A57A29C7D8A900FF4B60 /* Release */ = {
			isa = XCBuildConfiguration;
			buildSettings = {
				ALWAYS_SEARCH_USER_PATHS = NO;
				CLANG_ANALYZER_NONNULL = YES;
				CLANG_ANALYZER_NUMBER_OBJECT_CONVERSION = YES_AGGRESSIVE;
				CLANG_CXX_LANGUAGE_STANDARD = "gnu++20";
				CLANG_ENABLE_MODULES = YES;
				CLANG_ENABLE_OBJC_ARC = YES;
				CLANG_ENABLE_OBJC_WEAK = YES;
				CLANG_WARN_BLOCK_CAPTURE_AUTORELEASING = YES;
				CLANG_WARN_BOOL_CONVERSION = YES;
				CLANG_WARN_COMMA = YES;
				CLANG_WARN_CONSTANT_CONVERSION = YES;
				CLANG_WARN_DEPRECATED_OBJC_IMPLEMENTATIONS = YES;
				CLANG_WARN_DIRECT_OBJC_ISA_USAGE = YES_ERROR;
				CLANG_WARN_DOCUMENTATION_COMMENTS = YES;
				CLANG_WARN_EMPTY_BODY = YES;
				CLANG_WARN_ENUM_CONVERSION = YES;
				CLANG_WARN_INFINITE_RECURSION = YES;
				CLANG_WARN_INT_CONVERSION = YES;
				CLANG_WARN_NON_LITERAL_NULL_CONVERSION = YES;
				CLANG_WARN_OBJC_IMPLICIT_RETAIN_SELF = YES;
				CLANG_WARN_OBJC_LITERAL_CONVERSION = YES;
				CLANG_WARN_OBJC_ROOT_CLASS = YES_ERROR;
				CLANG_WARN_QUOTED_INCLUDE_IN_FRAMEWORK_HEADER = YES;
				CLANG_WARN_RANGE_LOOP_ANALYSIS = YES;
				CLANG_WARN_STRICT_PROTOTYPES = YES;
				CLANG_WARN_SUSPICIOUS_MOVE = YES;
				CLANG_WARN_UNGUARDED_AVAILABILITY = YES_AGGRESSIVE;
				CLANG_WARN_UNREACHABLE_CODE = YES;
				CLANG_WARN__DUPLICATE_METHOD_MATCH = YES;
				COPY_PHASE_STRIP = NO;
				DEBUG_INFORMATION_FORMAT = "dwarf-with-dsym";
				ENABLE_NS_ASSERTIONS = NO;
				ENABLE_STRICT_OBJC_MSGSEND = YES;
				GCC_C_LANGUAGE_STANDARD = gnu11;
				GCC_NO_COMMON_BLOCKS = YES;
				GCC_WARN_64_TO_32_BIT_CONVERSION = YES;
				GCC_WARN_ABOUT_RETURN_TYPE = YES_ERROR;
				GCC_WARN_UNDECLARED_SELECTOR = YES;
				GCC_WARN_UNINITIALIZED_AUTOS = YES_AGGRESSIVE;
				GCC_WARN_UNUSED_FUNCTION = YES;
				GCC_WARN_UNUSED_VARIABLE = YES;
				IPHONEOS_DEPLOYMENT_TARGET = 16.2;
				MTL_ENABLE_DEBUG_INFO = NO;
				MTL_FAST_MATH = YES;
				SDKROOT = iphoneos;
				SWIFT_COMPILATION_MODE = wholemodule;
				SWIFT_OPTIMIZATION_LEVEL = "-O";
				VALIDATE_PRODUCT = YES;
			};
			name = Release;
		};
		8F56A57C29C7D8A900FF4B60 /* Debug */ = {
			isa = XCBuildConfiguration;
			buildSettings = {
				ASSETCATALOG_COMPILER_APPICON_NAME = AppIcon;
				ASSETCATALOG_COMPILER_GLOBAL_ACCENT_COLOR_NAME = AccentColor;
				CODE_SIGN_STYLE = Automatic;
				CURRENT_PROJECT_VERSION = 1;
				GENERATE_INFOPLIST_FILE = YES;
				INFOPLIST_FILE = QuizApp/Info.plist;
				INFOPLIST_KEY_UIApplicationSupportsIndirectInputEvents = YES;
				INFOPLIST_KEY_UILaunchStoryboardName = LaunchScreen;
				INFOPLIST_KEY_UIMainStoryboardFile = Main;
				INFOPLIST_KEY_UISupportedInterfaceOrientations_iPad = "UIInterfaceOrientationPortrait UIInterfaceOrientationPortraitUpsideDown UIInterfaceOrientationLandscapeLeft UIInterfaceOrientationLandscapeRight";
				INFOPLIST_KEY_UISupportedInterfaceOrientations_iPhone = "UIInterfaceOrientationPortrait UIInterfaceOrientationLandscapeLeft UIInterfaceOrientationLandscapeRight";
				LD_RUNPATH_SEARCH_PATHS = (
					"$(inherited)",
					"@executable_path/Frameworks",
				);
				MARKETING_VERSION = 1.0;
				PRODUCT_BUNDLE_IDENTIFIER = com.jkn.QuizApp;
				PRODUCT_NAME = "$(TARGET_NAME)";
				SWIFT_EMIT_LOC_STRINGS = YES;
				SWIFT_VERSION = 5.0;
				TARGETED_DEVICE_FAMILY = "1,2";
			};
			name = Debug;
		};
		8F56A57D29C7D8A900FF4B60 /* Release */ = {
			isa = XCBuildConfiguration;
			buildSettings = {
				ASSETCATALOG_COMPILER_APPICON_NAME = AppIcon;
				ASSETCATALOG_COMPILER_GLOBAL_ACCENT_COLOR_NAME = AccentColor;
				CODE_SIGN_STYLE = Automatic;
				CURRENT_PROJECT_VERSION = 1;
				GENERATE_INFOPLIST_FILE = YES;
				INFOPLIST_FILE = QuizApp/Info.plist;
				INFOPLIST_KEY_UIApplicationSupportsIndirectInputEvents = YES;
				INFOPLIST_KEY_UILaunchStoryboardName = LaunchScreen;
				INFOPLIST_KEY_UIMainStoryboardFile = Main;
				INFOPLIST_KEY_UISupportedInterfaceOrientations_iPad = "UIInterfaceOrientationPortrait UIInterfaceOrientationPortraitUpsideDown UIInterfaceOrientationLandscapeLeft UIInterfaceOrientationLandscapeRight";
				INFOPLIST_KEY_UISupportedInterfaceOrientations_iPhone = "UIInterfaceOrientationPortrait UIInterfaceOrientationLandscapeLeft UIInterfaceOrientationLandscapeRight";
				LD_RUNPATH_SEARCH_PATHS = (
					"$(inherited)",
					"@executable_path/Frameworks",
				);
				MARKETING_VERSION = 1.0;
				PRODUCT_BUNDLE_IDENTIFIER = com.jkn.QuizApp;
				PRODUCT_NAME = "$(TARGET_NAME)";
				SWIFT_EMIT_LOC_STRINGS = YES;
				SWIFT_VERSION = 5.0;
				TARGETED_DEVICE_FAMILY = "1,2";
			};
			name = Release;
		};
		8F56A57F29C7D8A900FF4B60 /* Debug */ = {
			isa = XCBuildConfiguration;
			buildSettings = {
				ALWAYS_EMBED_SWIFT_STANDARD_LIBRARIES = YES;
				BUNDLE_LOADER = "$(TEST_HOST)";
				CODE_SIGN_STYLE = Automatic;
				CURRENT_PROJECT_VERSION = 1;
				GENERATE_INFOPLIST_FILE = YES;
				IPHONEOS_DEPLOYMENT_TARGET = 16.2;
				MARKETING_VERSION = 1.0;
				PRODUCT_BUNDLE_IDENTIFIER = com.jkn.QuizAppTests;
				PRODUCT_NAME = "$(TARGET_NAME)";
				SWIFT_EMIT_LOC_STRINGS = NO;
				SWIFT_VERSION = 5.0;
				TARGETED_DEVICE_FAMILY = "1,2";
				TEST_HOST = "$(BUILT_PRODUCTS_DIR)/QuizApp.app/$(BUNDLE_EXECUTABLE_FOLDER_PATH)/QuizApp";
			};
			name = Debug;
		};
		8F56A58029C7D8A900FF4B60 /* Release */ = {
			isa = XCBuildConfiguration;
			buildSettings = {
				ALWAYS_EMBED_SWIFT_STANDARD_LIBRARIES = YES;
				BUNDLE_LOADER = "$(TEST_HOST)";
				CODE_SIGN_STYLE = Automatic;
				CURRENT_PROJECT_VERSION = 1;
				GENERATE_INFOPLIST_FILE = YES;
				IPHONEOS_DEPLOYMENT_TARGET = 16.2;
				MARKETING_VERSION = 1.0;
				PRODUCT_BUNDLE_IDENTIFIER = com.jkn.QuizAppTests;
				PRODUCT_NAME = "$(TARGET_NAME)";
				SWIFT_EMIT_LOC_STRINGS = NO;
				SWIFT_VERSION = 5.0;
				TARGETED_DEVICE_FAMILY = "1,2";
				TEST_HOST = "$(BUILT_PRODUCTS_DIR)/QuizApp.app/$(BUNDLE_EXECUTABLE_FOLDER_PATH)/QuizApp";
			};
			name = Release;
		};
		8F56A58229C7D8A900FF4B60 /* Debug */ = {
			isa = XCBuildConfiguration;
			buildSettings = {
				ALWAYS_EMBED_SWIFT_STANDARD_LIBRARIES = YES;
				CODE_SIGN_STYLE = Automatic;
				CURRENT_PROJECT_VERSION = 1;
				GENERATE_INFOPLIST_FILE = YES;
				MARKETING_VERSION = 1.0;
				PRODUCT_BUNDLE_IDENTIFIER = com.jkn.QuizAppUITests;
				PRODUCT_NAME = "$(TARGET_NAME)";
				SWIFT_EMIT_LOC_STRINGS = NO;
				SWIFT_VERSION = 5.0;
				TARGETED_DEVICE_FAMILY = "1,2";
				TEST_TARGET_NAME = QuizApp;
			};
			name = Debug;
		};
		8F56A58329C7D8A900FF4B60 /* Release */ = {
			isa = XCBuildConfiguration;
			buildSettings = {
				ALWAYS_EMBED_SWIFT_STANDARD_LIBRARIES = YES;
				CODE_SIGN_STYLE = Automatic;
				CURRENT_PROJECT_VERSION = 1;
				GENERATE_INFOPLIST_FILE = YES;
				MARKETING_VERSION = 1.0;
				PRODUCT_BUNDLE_IDENTIFIER = com.jkn.QuizAppUITests;
				PRODUCT_NAME = "$(TARGET_NAME)";
				SWIFT_EMIT_LOC_STRINGS = NO;
				SWIFT_VERSION = 5.0;
				TARGETED_DEVICE_FAMILY = "1,2";
				TEST_TARGET_NAME = QuizApp;
			};
			name = Release;
		};
/* End XCBuildConfiguration section */

/* Begin XCConfigurationList section */
		8F56A54C29C7D8A700FF4B60 /* Build configuration list for PBXProject "QuizApp" */ = {
			isa = XCConfigurationList;
			buildConfigurations = (
				8F56A57929C7D8A900FF4B60 /* Debug */,
				8F56A57A29C7D8A900FF4B60 /* Release */,
			);
			defaultConfigurationIsVisible = 0;
			defaultConfigurationName = Release;
		};
		8F56A57B29C7D8A900FF4B60 /* Build configuration list for PBXNativeTarget "QuizApp" */ = {
			isa = XCConfigurationList;
			buildConfigurations = (
				8F56A57C29C7D8A900FF4B60 /* Debug */,
				8F56A57D29C7D8A900FF4B60 /* Release */,
			);
			defaultConfigurationIsVisible = 0;
			defaultConfigurationName = Release;
		};
		8F56A57E29C7D8A900FF4B60 /* Build configuration list for PBXNativeTarget "QuizAppTests" */ = {
			isa = XCConfigurationList;
			buildConfigurations = (
				8F56A57F29C7D8A900FF4B60 /* Debug */,
				8F56A58029C7D8A900FF4B60 /* Release */,
			);
			defaultConfigurationIsVisible = 0;
			defaultConfigurationName = Release;
		};
		8F56A58129C7D8A900FF4B60 /* Build configuration list for PBXNativeTarget "QuizAppUITests" */ = {
			isa = XCConfigurationList;
			buildConfigurations = (
				8F56A58229C7D8A900FF4B60 /* Debug */,
				8F56A58329C7D8A900FF4B60 /* Release */,
			);
			defaultConfigurationIsVisible = 0;
			defaultConfigurationName = Release;
		};
/* End XCConfigurationList section */
	};
	rootObject = 8F56A54929C7D8A700FF4B60 /* Project object */;
}
